
Microsoft Visual Studio Solution File, Format Version 12.00
# Visual Studio 15
VisualStudioVersion = 15.0.28307.2017
MinimumVisualStudioVersion = 10.0.40219.1
Project("{FAE04EC0-301F-11D3-BF4B-00C04F79EFBC}") = "BiogenexLims", "BiogenexLims\BiogenexLims.csproj", "{81DD9098-DC27-456D-86B4-AB934A109BAD}"
EndProject
Global
	GlobalSection(SolutionConfigurationPlatforms) = preSolution
		Debug|Any CPU = Debug|Any CPU
		Release|Any CPU = Release|Any CPU
	EndGlobalSection
	GlobalSection(ProjectConfigurationPlatforms) = postSolution
		{81DD9098-DC27-456D-86B4-AB934A109BAD}.Debug|Any CPU.ActiveCfg = Debug|Any CPU
		{81DD9098-DC27-456D-86B4-AB934A109BAD}.Debug|Any CPU.Build.0 = Debug|Any CPU
		{81DD9098-DC27-456D-86B4-AB934A109BAD}.Release|Any CPU.ActiveCfg = Release|Any CPU
		{81DD9098-DC27-456D-86B4-AB934A109BAD}.Release|Any CPU.Build.0 = Release|Any CPU
	EndGlobalSection
	GlobalSection(SolutionProperties) = preSolution
		HideSolutionNode = FALSE
	EndGlobalSection
	GlobalSection(ExtensibilityGlobals) = postSolution
		SolutionGuid = {5A2CFB9C-CFEE-46BE-9F5F-A5A6E79D912E}
	EndGlobalSection
EndGlobal
